{
  "name": "web-scrape",
  "version": "1.0.0",
  "lockfileVersion": 3,
  "requires": true,
  "packages": {
    "": {
      "name": "web-scrape",
      "version": "1.0.0",
      "license": "MIT",
      "dependencies": {
        "serpapi": "^2.2.1"
      }
    },
    "node_modules/serpapi": {
      "version": "2.2.1",
      "resolved": "https://registry.npmjs.org/serpapi/-/serpapi-2.2.1.tgz",
      "integrity": "sha512-1HXXaIwDmYueFPauAggIkzozMi5P/a4/yRUxB8Z1kad0VQE/7ohf9a6xRQ99aXR252itDChfmJUfBdCA4phCYA==",
      "license": "MIT"
    }
  }
}
